// !$*UTF8*$!
{
	archiveVersion = 1;
	classes = {
	};
	objectVersion = 50;
	objects = {

/* Begin PBXBuildFile section */
		327C6E142340905D005794A6 /* AppDelegate.swift in Sources */ = {isa = PBXBuildFile; fileRef = 327C6E132340905D005794A6 /* AppDelegate.swift */; };
		327C6E162340905D005794A6 /* SceneDelegate.swift in Sources */ = {isa = PBXBuildFile; fileRef = 327C6E152340905D005794A6 /* SceneDelegate.swift */; };
		327C6E182340905D005794A6 /* ViewController.swift in Sources */ = {isa = PBXBuildFile; fileRef = 327C6E172340905D005794A6 /* ViewController.swift */; };
		327C6E1B2340905D005794A6 /* Main.storyboard in Resources */ = {isa = PBXBuildFile; fileRef = 327C6E192340905D005794A6 /* Main.storyboard */; };
		327C6E1D2340905D005794A6 /* Assets.xcassets in Resources */ = {isa = PBXBuildFile; fileRef = 327C6E1C2340905D005794A6 /* Assets.xcassets */; };
		327C6E202340905D005794A6 /* LaunchScreen.storyboard in Resources */ = {isa = PBXBuildFile; fileRef = 327C6E1E2340905D005794A6 /* LaunchScreen.storyboard */; };
		327C6E6823486ADD005794A6 /* Meme.swift in Sources */ = {isa = PBXBuildFile; fileRef = 327C6E6723486ADD005794A6 /* Meme.swift */; };
/* End PBXBuildFile section */

/* Begin PBXFileReference section */
		327C6E102340905D005794A6 /* MemeMe 1.0.app */ = {isa = PBXFileReference; explicitFileType = wrapper.application; includeInIndex = 0; path = "MemeMe 1.0.app"; sourceTree = BUILT_PRODUCTS_DIR; };
		327C6E132340905D005794A6 /* AppDelegate.swift */ = {isa = PBXFileReference; lastKnownFileType = sourcecode.swift; path = AppDelegate.swift; sourceTree = "<group>"; };
		327C6E152340905D005794A6 /* SceneDelegate.swift */ = {isa = PBXFileReference; lastKnownFileType = sourcecode.swift; path = SceneDelegate.swift; sourceTree = "<group>"; };
		327C6E172340905D005794A6 /* ViewController.swift */ = {isa = PBXFileReference; lastKnownFileType = sourcecode.swift; path = ViewController.swift; sourceTree = "<group>"; };
		327C6E1A2340905D005794A6 /* Base */ = {isa = PBXFileReference; lastKnownFileType = file.storyboard; name = Base; path = Base.lproj/Main.storyboard; sourceTree = "<group>"; };
		327C6E1C2340905D005794A6 /* Assets.xcassets */ = {isa = PBXFileReference; lastKnownFileType = folder.assetcatalog; path = Assets.xcassets; sourceTree = "<group>"; };
		327C6E1F2340905D005794A6 /* Base */ = {isa = PBXFileReference; lastKnownFileType = file.storyboard; name = Base; path = Base.lproj/LaunchScreen.storyboard; sourceTree = "<group>"; };
		327C6E212340905D005794A6 /* Info.plist */ = {isa = PBXFileReference; lastKnownFileType = text.plist.xml; path = Info.plist; sourceTree = "<group>"; };
		327C6E6723486ADD005794A6 /* Meme.swift */ = {isa = PBXFileReference; lastKnownFileType = sourcecode.swift; path = Meme.swift; sourceTree = "<group>"; };
/* End PBXFileReference section */

/* Begin PBXFrameworksBuildPhase section */
		327C6E0D2340905D005794A6 /* Frameworks */ = {
			isa = PBXFrameworksBuildPhase;
			buildActionMask = 2147483647;
			files = (
			);
			runOnlyForDeploymentPostprocessing = 0;
		};
/* End PBXFrameworksBuildPhase section */

/* Begin PBXGroup section */
		327C6E072340905D005794A6 = {
			isa = PBXGroup;
			children = (
				327C6E122340905D005794A6 /* Memetext */,
				327C6E112340905D005794A6 /* Products */,
			);
			sourceTree = "<group>";
		};
		327C6E112340905D005794A6 /* Products */ = {
			isa = PBXGroup;
			children = (
				327C6E102340905D005794A6 /* MemeMe 1.0.app */,
			);
			name = Products;
			sourceTree = "<group>";
		};
		327C6E122340905D005794A6 /* Memetext */ = {
			isa = PBXGroup;
			children = (
				327C6E132340905D005794A6 /* AppDelegate.swift */,
				327C6E152340905D005794A6 /* SceneDelegate.swift */,
				327C6E172340905D005794A6 /* ViewController.swift */,
				327C6E6723486ADD005794A6 /* Meme.swift */,
				327C6E192340905D005794A6 /* Main.storyboard */,
				327C6E1C2340905D005794A6 /* Assets.xcassets */,
				327C6E1E2340905D005794A6 /* LaunchScreen.storyboard */,
				327C6E212340905D005794A6 /* Info.plist */,
			);
			path = Memetext;
			sourceTree = "<group>";
		};
/* End PBXGroup section */

/* Begin PBXNativeTarget section */
		327C6E0F2340905D005794A6 /* Memetext */ = {
			isa = PBXNativeTarget;
			buildConfigurationList = 327C6E242340905D005794A6 /* Build configuration list for PBXNativeTarget "Memetext" */;
			buildPhases = (
				327C6E0C2340905D005794A6 /* Sources */,
				327C6E0D2340905D005794A6 /* Frameworks */,
				327C6E0E2340905D005794A6 /* Resources */,
			);
			buildRules = (
			);
			dependencies = (
			);
			name = Memetext;
			productName = Memetext;
			productReference = 327C6E102340905D005794A6 /* MemeMe 1.0.app */;
			productType = "com.apple.product-type.application";
		};
/* End PBXNativeTarget section */

/* Begin PBXProject section */
		327C6E082340905D005794A6 /* Project object */ = {
			isa = PBXProject;
			attributes = {
				LastSwiftUpdateCheck = 1100;
				LastUpgradeCheck = 1100;
				ORGANIZATIONNAME = "Hajar F";
				TargetAttributes = {
					327C6E0F2340905D005794A6 = {
						CreatedOnToolsVersion = 11.0;
					};
				};
			};
			buildConfigurationList = 327C6E0B2340905D005794A6 /* Build configuration list for PBXProject "Memetext" */;
			compatibilityVersion = "Xcode 9.3";
			developmentRegion = en;
			hasScannedForEncodings = 0;
			knownRegions = (
				en,
				Base,
			);
			mainGroup = 327C6E072340905D005794A6;
			productRefGroup = 327C6E112340905D005794A6 /* Products */;
			projectDirPath = "";
			projectRoot = "";
			targets = (
				327C6E0F2340905D005794A6 /* Memetext */,
			);
		};
/* End PBXProject section */

/* Begin PBXResourcesBuildPhase section */
		327C6E0E2340905D005794A6 /* Resources */ = {
			isa = PBXResourcesBuildPhase;
			buildActionMask = 2147483647;
			files = (
				327C6E202340905D005794A6 /* LaunchScreen.storyboard in Resources */,
				327C6E1D2340905D005794A6 /* Assets.xcassets in Resources */,
				327C6E1B2340905D005794A6 /* Main.storyboard in Resources */,
			);
			runOnlyForDeploymentPostprocessing = 0;
		};
/* End PBXResourcesBuildPhase section */

/* Begin PBXSourcesBuildPhase section */
		327C6E0C2340905D005794A6 /* Sources */ = {
			isa = PBXSourcesBuildPhase;
			buildActionMask = 2147483647;
			files = (
				327C6E182340905D005794A6 /* ViewController.swift in Sources */,
				327C6E6823486ADD005794A6 /* Meme.swift in Sources */,
				327C6E142340905D005794A6 /* AppDelegate.swift in Sources */,
				327C6E162340905D005794A6 /* SceneDelegate.swift in Sources */,
			);
			runOnlyForDeploymentPostprocessing = 0;
		};
/* End PBXSourcesBuildPhase section */

/* Begin PBXVariantGroup section */
		327C6E192340905D005794A6 /* Main.storyboard */ = {
			isa = PBXVariantGroup;
			children = (
				327C6E1A2340905D005794A6 /* Base */,
			);
			name = Main.storyboard;
			sourceTree = "<group>";
		};
		327C6E1E2340905D005794A6 /* LaunchScreen.storyboard */ = {
			isa = PBXVariantGroup;
			children = (
				327C6E1F2340905D005794A6 /* Base */,
			);
			name = LaunchScreen.storyboard;
			sourceTree = "<group>";
		};
/* End PBXVariantGroup section */

/* Begin XCBuildConfiguration section */
		327C6E222340905D005794A6 /* Debug */ = {
			isa = XCBuildConfiguration;
			buildSettings = {
				ALWAYS_SEARCH_USER_PATHS = NO;
				CLANG_ANALYZER_NONNULL = YES;
				CLANG_ANALYZER_NUMBER_OBJECT_CONVERSION = YES_AGGRESSIVE;
				CLANG_CXX_LANGUAGE_STANDARD = "gnu++14";
				CLANG_CXX_LIBRARY = "libc++";
				CLANG_ENABLE_MODULES = YES;
				CLANG_ENABLE_OBJC_ARC = YES;
				CLANG_ENABLE_OBJC_WEAK = YES;
				CLANG_WARN_BLOCK_CAPTURE_AUTORELEASING = YES;
				CLANG_WARN_BOOL_CONVERSION = YES;
				CLANG_WARN_COMMA = YES;
				CLANG_WARN_CONSTANT_CONVERSION = YES;
				CLANG_WARN_DEPRECATED_OBJC_IMPLEMENTATIONS = YES;
				CLANG_WARN_DIRECT_OBJC_ISA_USAGE = YES_ERROR;
				CLANG_WARN_DOCUMENTATION_COMMENTS = YES;
				CLANG_WARN_EMPTY_BODY = YES;
				CLANG_WARN_ENUM_CONVERSION = YES;
				CLANG_WARN_INFINITE_RECURSION = YES;
				CLANG_WARN_INT_CONVERSION = YES;
				CLANG_WARN_NON_LITERAL_NULL_CONVERSION = YES;
				CLANG_WARN_OBJC_IMPLICIT_RETAIN_SELF = YES;
				CLANG_WARN_OBJC_LITERAL_CONVERSION = YES;
				CLANG_WARN_OBJC_ROOT_CLASS = YES_ERROR;
				CLANG_WARN_RANGE_LOOP_ANALYSIS = YES;
				CLANG_WARN_STRICT_PROTOTYPES = YES;
				CLANG_WARN_SUSPICIOUS_MOVE = YES;
				CLANG_WARN_UNGUARDED_AVAILABILITY = YES_AGGRESSIVE;
				CLANG_WARN_UNREACHABLE_CODE = YES;
				CLANG_WARN__DUPLICATE_METHOD_MATCH = YES;
				COPY_PHASE_STRIP = NO;
				DEBUG_INFORMATION_FORMAT = dwarf;
				ENABLE_STRICT_OBJC_MSGSEND = YES;
				ENABLE_TESTABILITY = YES;
				GCC_C_LANGUAGE_STANDARD = gnu11;
				GCC_DYNAMIC_NO_PIC = NO;
				GCC_NO_COMMON_BLOCKS = YES;
				GCC_OPTIMIZATION_LEVEL = 0;
				GCC_PREPROCESSOR_DEFINITIONS = (
					"DEBUG=1",
					"$(inherited)",
				);
				GCC_WARN_64_TO_32_BIT_CONVERSION = YES;
				GCC_WARN_ABOUT_RETURN_TYPE = YES_ERROR;
				GCC_WARN_UNDECLARED_SELECTOR = YES;
				GCC_WARN_UNINITIALIZED_AUTOS = YES_AGGRESSIVE;
				GCC_WARN_UNUSED_FUNCTION = YES;
				GCC_WARN_UNUSED_VARIABLE = YES;
				IPHONEOS_DEPLOYMENT_TARGET = 13.0;
				MTL_ENABLE_DEBUG_INFO = INCLUDE_SOURCE;
				MTL_FAST_MATH = YES;
				ONLY_ACTIVE_ARCH = YES;
				SDKROOT = iphoneos;
				SWIFT_ACTIVE_COMPILATION_CONDITIONS = DEBUG;
				SWIFT_OPTIMIZATION_LEVEL = "-Onone";
			};
			name = Debug;
		};
		327C6E232340905D005794A6 /* Release */ = {
			isa = XCBuildConfiguration;
			buildSettings = {
				ALWAYS_SEARCH_USER_PATHS = NO;
				CLANG_ANALYZER_NONNULL = YES;
				CLANG_ANALYZER_NUMBER_OBJECT_CONVERSION = YES_AGGRESSIVE;
				CLANG_CXX_LANGUAGE_STANDARD = "gnu++14";
				CLANG_CXX_LIBRARY = "libc++";
				CLANG_ENABLE_MODULES = YES;
				CLANG_ENABLE_OBJC_ARC = YES;
				CLANG_ENABLE_OBJC_WEAK = YES;
				CLANG_WARN_BLOCK_CAPTURE_AUTORELEASING = YES;
				CLANG_WARN_BOOL_CONVERSION = YES;
				CLANG_WARN_COMMA = YES;
				CLANG_WARN_CONSTANT_CONVERSION = YES;
				CLANG_WARN_DEPRECATED_OBJC_IMPLEMENTATIONS = YES;
				CLANG_WARN_DIRECT_OBJC_ISA_USAGE = YES_ERROR;
				CLANG_WARN_DOCUMENTATION_COMMENTS = YES;
				CLANG_WARN_EMPTY_BODY = YES;
				CLANG_WARN_ENUM_CONVERSION = YES;
				CLANG_WARN_INFINITE_RECURSION = YES;
				CLANG_WARN_INT_CONVERSION = YES;
				CLANG_WARN_NON_LITERAL_NULL_CONVERSION = YES;
				CLANG_WARN_OBJC_IMPLICIT_RETAIN_SELF = YES;
				CLANG_WARN_OBJC_LITERAL_CONVERSION = YES;
				CLANG_WARN_OBJC_ROOT_CLASS = YES_ERROR;
				CLANG_WARN_RANGE_LOOP_ANALYSIS = YES;
				CLANG_WARN_STRICT_PROTOTYPES = YES;
				CLANG_WARN_SUSPICIOUS_MOVE = YES;
				CLANG_WARN_UNGUARDED_AVAILABILITY = YES_AGGRESSIVE;
				CLANG_WARN_UNREACHABLE_CODE = YES;
				CLANG_WARN__DUPLICATE_METHOD_MATCH = YES;
				COPY_PHASE_STRIP = NO;
				DEBUG_INFORMATION_FORMAT = "dwarf-with-dsym";
				ENABLE_NS_ASSERTIONS = NO;
				ENABLE_STRICT_OBJC_MSGSEND = YES;
				GCC_C_LANGUAGE_STANDARD = gnu11;
				GCC_NO_COMMON_BLOCKS = YES;
				GCC_WARN_64_TO_32_BIT_CONVERSION = YES;
				GCC_WARN_ABOUT_RETURN_TYPE = YES_ERROR;
				GCC_WARN_UNDECLARED_SELECTOR = YES;
				GCC_WARN_UNINITIALIZED_AUTOS = YES_AGGRESSIVE;
				GCC_WARN_UNUSED_FUNCTION = YES;
				GCC_WARN_UNUSED_VARIABLE = YES;
				IPHONEOS_DEPLOYMENT_TARGET = 13.0;
				MTL_ENABLE_DEBUG_INFO = NO;
				MTL_FAST_MATH = YES;
				SDKROOT = iphoneos;
				SWIFT_COMPILATION_MODE = wholemodule;
				SWIFT_OPTIMIZATION_LEVEL = "-O";
				VALIDATE_PRODUCT = YES;
			};
			name = Release;
		};
		327C6E252340905D005794A6 /* Debug */ = {
			isa = XCBuildConfiguration;
			buildSettings = {
				ASSETCATALOG_COMPILER_APPICON_NAME = AppIcon;
				CODE_SIGN_STYLE = Automatic;
				INFOPLIST_FILE = Memetext/Info.plist;
				LD_RUNPATH_SEARCH_PATHS = (
					"$(inherited)",
					"@executable_path/Frameworks",
				);
				PRODUCT_BUNDLE_IDENTIFIER = t.com.Memetext;
				PRODUCT_NAME = "MemeMe 1.0";
				SWIFT_VERSION = 5.0;
				TARGETED_DEVICE_FAMILY = "1,2";
			};
			name = Debug;
		};
		327C6E262340905D005794A6 /* Release */ = {
			isa = XCBuildConfiguration;
			buildSettings = {
				ASSETCATALOG_COMPILER_APPICON_NAME = AppIcon;
				CODE_SIGN_STYLE = Automatic;
				INFOPLIST_FILE = Memetext/Info.plist;
				LD_RUNPATH_SEARCH_PATHS = (
					"$(inherited)",
					"@executable_path/Frameworks",
				);
				PRODUCT_BUNDLE_IDENTIFIER = t.com.Memetext;
				PRODUCT_NAME = "MemeMe 1.0";
				SWIFT_VERSION = 5.0;
				TARGETED_DEVICE_FAMILY = "1,2";
			};
			name = Release;
		};
/* End XCBuildConfiguration section */

/* Begin XCConfigurationList section */
		327C6E0B2340905D005794A6 /* Build configuration list for PBXProject "Memetext" */ = {
			isa = XCConfigurationList;
			buildConfigurations = (
				327C6E222340905D005794A6 /* Debug */,
				327C6E232340905D005794A6 /* Release */,
			);
			defaultConfigurationIsVisible = 0;
			defaultConfigurationName = Release;
		};
		327C6E242340905D005794A6 /* Build configuration list for PBXNativeTarget "Memetext" */ = {
			isa = XCConfigurationList;
			buildConfigurations = (
				327C6E252340905D005794A6 /* Debug */,
				327C6E262340905D005794A6 /* Release */,
			);
			defaultConfigurationIsVisible = 0;
			defaultConfigurationName = Release;
		};
/* End XCConfigurationList section */
	};
	rootObject = 327C6E082340905D005794A6 /* Project object */;
}
